
Microsoft Visual Studio Solution File, Format Version 12.00
Project("{FAE04EC0-301F-11D3-BF4B-00C04F79EFBC}") = "WebApplication1", "WebApplication1\WebApplication1.csproj", "{6E967405-1ACB-4908-B218-82D8CA0B6E3E}"
EndProject
Global
	GlobalSection(SolutionConfigurationPlatforms) = preSolution
		Debug|Any CPU = Debug|Any CPU
		Release|Any CPU = Release|Any CPU
	EndGlobalSection
	GlobalSection(ProjectConfigurationPlatforms) = postSolution
		{6E967405-1ACB-4908-B218-82D8CA0B6E3E}.Debug|Any CPU.ActiveCfg = Debug|Any CPU
		{6E967405-1ACB-4908-B218-82D8CA0B6E3E}.Debug|Any CPU.Build.0 = Debug|Any CPU
		{6E967405-1ACB-4908-B218-82D8CA0B6E3E}.Release|Any CPU.ActiveCfg = Release|Any CPU
		{6E967405-1ACB-4908-B218-82D8CA0B6E3E}.Release|Any CPU.Build.0 = Release|Any CPU
	EndGlobalSection
EndGlobal
